{
    "_readme": [
        "This file locks the dependencies of your project to a known state",
        "Read more about it at https://getcomposer.org/doc/01-basic-usage.md#installing-dependencies",
        "This file is @generated automatically"
    ],
    "content-hash": "97436303fff2fb3ba7011b520e07c78f",
    "packages": [
        {
            "name": "tomitomas/jeedom-tools",
            "version": "0.8.0",
            "source": {
                "type": "git",
                "url": "https://github.com/tomitomas/jeedom-tools.git",
                "reference": "d07ff69ffbf2c5c92bed7e4d2c3d16a142322d11"
            },
            "dist": {
                "type": "zip",
                "url": "https://api.github.com/repos/tomitomas/jeedom-tools/zipball/d07ff69ffbf2c5c92bed7e4d2c3d16a142322d11",
                "reference": "d07ff69ffbf2c5c92bed7e4d2c3d16a142322d11",
                "shasum": ""
            },
            "type": "library",
            "autoload": {
                "psr-0": {
                    "tomitomasEqLogicTrait": "src/"
                }
            },
            "notification-url": "https://packagist.org/downloads/",
            "license": [
                "MIT"
            ],
            "authors": [
                {
                    "name": "ToMitOmAs"
                }
            ],
            "description": "Generic lib for jeedom plugins",
            "support": {
                "issues": "https://github.com/tomitomas/jeedom-tools/issues",
                "source": "https://github.com/tomitomas/jeedom-tools/tree/0.8.0"
            },
            "time": "2024-09-04T15:47:28+00:00"
        }
    ],
    "packages-dev": [],
    "aliases": [],
    "minimum-stability": "stable",
    "stability-flags": [],
    "prefer-stable": false,
    "prefer-lowest": false,
    "platform": [],
    "platform-dev": [],
    "plugin-api-version": "2.3.0"
}
